// !$*UTF8*$!
{
	archiveVersion = 1;
	classes = {
	};
	objectVersion = 50;
	objects = {

/* Begin PBXBuildFile section */
		002C135ACB84A090C43535AA /* libPods-Smack-Demo.a in Frameworks */ = {isa = PBXBuildFile; fileRef = 6B4C938FF21B1F0B95E043B7 /* libPods-Smack-Demo.a */; };
		AA3F911121F5926700792A2C /* AppDelegate.swift in Sources */ = {isa = PBXBuildFile; fileRef = AA3F911021F5926700792A2C /* AppDelegate.swift */; };
		AA3F911621F5926700792A2C /* Main.storyboard in Resources */ = {isa = PBXBuildFile; fileRef = AA3F911421F5926700792A2C /* Main.storyboard */; };
		AA3F911921F5926700792A2C /* Smack_Demo.xcdatamodeld in Sources */ = {isa = PBXBuildFile; fileRef = AA3F911721F5926700792A2C /* Smack_Demo.xcdatamodeld */; };
		AA3F911B21F5926900792A2C /* Assets.xcassets in Resources */ = {isa = PBXBuildFile; fileRef = AA3F911A21F5926900792A2C /* Assets.xcassets */; };
		AA3F911E21F5926900792A2C /* LaunchScreen.storyboard in Resources */ = {isa = PBXBuildFile; fileRef = AA3F911C21F5926900792A2C /* LaunchScreen.storyboard */; };
		AA3F913821F5986F00792A2C /* SWRevealViewController.m in Sources */ = {isa = PBXBuildFile; fileRef = AA3F913721F5986F00792A2C /* SWRevealViewController.m */; };
		AA3F913D21F599B400792A2C /* ChatVC.swift in Sources */ = {isa = PBXBuildFile; fileRef = AA3F913C21F599B400792A2C /* ChatVC.swift */; };
		AA3F913F21F599C400792A2C /* ChannelVC.swift in Sources */ = {isa = PBXBuildFile; fileRef = AA3F913E21F599C400792A2C /* ChannelVC.swift */; };
		AA3F914121F5A54200792A2C /* GradientView.swift in Sources */ = {isa = PBXBuildFile; fileRef = AA3F914021F5A54200792A2C /* GradientView.swift */; };
		AA3F914421F5B1FC00792A2C /* Constraints.swift in Sources */ = {isa = PBXBuildFile; fileRef = AA3F914321F5B1FC00792A2C /* Constraints.swift */; };
		AA3F914621F5B9C500792A2C /* LoginVC.swift in Sources */ = {isa = PBXBuildFile; fileRef = AA3F914521F5B9C500792A2C /* LoginVC.swift */; };
		AA3F914821F5B9D900792A2C /* CreateAccountVC.swift in Sources */ = {isa = PBXBuildFile; fileRef = AA3F914721F5B9D900792A2C /* CreateAccountVC.swift */; };
		AA42989921F6DF6E00EE1461 /* AuthService.swift in Sources */ = {isa = PBXBuildFile; fileRef = AA42989821F6DF6E00EE1461 /* AuthService.swift */; };
		AA42989B21F70B9A00EE1461 /* RoundedButton.swift in Sources */ = {isa = PBXBuildFile; fileRef = AA42989A21F70B9A00EE1461 /* RoundedButton.swift */; };
/* End PBXBuildFile section */

/* Begin PBXFileReference section */
		6B4C938FF21B1F0B95E043B7 /* libPods-Smack-Demo.a */ = {isa = PBXFileReference; explicitFileType = archive.ar; includeInIndex = 0; path = "libPods-Smack-Demo.a"; sourceTree = BUILT_PRODUCTS_DIR; };
		AA3F910D21F5926700792A2C /* Smack-Demo.app */ = {isa = PBXFileReference; explicitFileType = wrapper.application; includeInIndex = 0; path = "Smack-Demo.app"; sourceTree = BUILT_PRODUCTS_DIR; };
		AA3F911021F5926700792A2C /* AppDelegate.swift */ = {isa = PBXFileReference; lastKnownFileType = sourcecode.swift; path = AppDelegate.swift; sourceTree = "<group>"; };
		AA3F911521F5926700792A2C /* Base */ = {isa = PBXFileReference; lastKnownFileType = file.storyboard; name = Base; path = Base.lproj/Main.storyboard; sourceTree = "<group>"; };
		AA3F911821F5926700792A2C /* Smack_Demo.xcdatamodel */ = {isa = PBXFileReference; lastKnownFileType = wrapper.xcdatamodel; path = Smack_Demo.xcdatamodel; sourceTree = "<group>"; };
		AA3F911A21F5926900792A2C /* Assets.xcassets */ = {isa = PBXFileReference; lastKnownFileType = folder.assetcatalog; path = Assets.xcassets; sourceTree = "<group>"; };
		AA3F911D21F5926900792A2C /* Base */ = {isa = PBXFileReference; lastKnownFileType = file.storyboard; name = Base; path = Base.lproj/LaunchScreen.storyboard; sourceTree = "<group>"; };
		AA3F911F21F5926900792A2C /* Info.plist */ = {isa = PBXFileReference; lastKnownFileType = text.plist.xml; path = Info.plist; sourceTree = "<group>"; };
		AA3F913521F5986F00792A2C /* Smack-Demo-Bridging-Header.h */ = {isa = PBXFileReference; lastKnownFileType = sourcecode.c.h; path = "Smack-Demo-Bridging-Header.h"; sourceTree = "<group>"; };
		AA3F913621F5986F00792A2C /* SWRevealViewController.h */ = {isa = PBXFileReference; fileEncoding = 4; lastKnownFileType = sourcecode.c.h; path = SWRevealViewController.h; sourceTree = "<group>"; };
		AA3F913721F5986F00792A2C /* SWRevealViewController.m */ = {isa = PBXFileReference; fileEncoding = 4; lastKnownFileType = sourcecode.c.objc; path = SWRevealViewController.m; sourceTree = "<group>"; };
		AA3F913C21F599B400792A2C /* ChatVC.swift */ = {isa = PBXFileReference; lastKnownFileType = sourcecode.swift; path = ChatVC.swift; sourceTree = "<group>"; };
		AA3F913E21F599C400792A2C /* ChannelVC.swift */ = {isa = PBXFileReference; lastKnownFileType = sourcecode.swift; path = ChannelVC.swift; sourceTree = "<group>"; };
		AA3F914021F5A54200792A2C /* GradientView.swift */ = {isa = PBXFileReference; lastKnownFileType = sourcecode.swift; path = GradientView.swift; sourceTree = "<group>"; };
		AA3F914321F5B1FC00792A2C /* Constraints.swift */ = {isa = PBXFileReference; lastKnownFileType = sourcecode.swift; path = Constraints.swift; sourceTree = "<group>"; };
		AA3F914521F5B9C500792A2C /* LoginVC.swift */ = {isa = PBXFileReference; lastKnownFileType = sourcecode.swift; path = LoginVC.swift; sourceTree = "<group>"; };
		AA3F914721F5B9D900792A2C /* CreateAccountVC.swift */ = {isa = PBXFileReference; lastKnownFileType = sourcecode.swift; path = CreateAccountVC.swift; sourceTree = "<group>"; };
		AA42989821F6DF6E00EE1461 /* AuthService.swift */ = {isa = PBXFileReference; lastKnownFileType = sourcecode.swift; path = AuthService.swift; sourceTree = "<group>"; };
		AA42989A21F70B9A00EE1461 /* RoundedButton.swift */ = {isa = PBXFileReference; lastKnownFileType = sourcecode.swift; path = RoundedButton.swift; sourceTree = "<group>"; };
		BFDB64A0F0E9078965D2EA2F /* Pods-Smack-Demo.debug.xcconfig */ = {isa = PBXFileReference; includeInIndex = 1; lastKnownFileType = text.xcconfig; name = "Pods-Smack-Demo.debug.xcconfig"; path = "Pods/Target Support Files/Pods-Smack-Demo/Pods-Smack-Demo.debug.xcconfig"; sourceTree = "<group>"; };
		F8E545C937A08B6F0D51AD23 /* Pods-Smack-Demo.release.xcconfig */ = {isa = PBXFileReference; includeInIndex = 1; lastKnownFileType = text.xcconfig; name = "Pods-Smack-Demo.release.xcconfig"; path = "Pods/Target Support Files/Pods-Smack-Demo/Pods-Smack-Demo.release.xcconfig"; sourceTree = "<group>"; };
/* End PBXFileReference section */

/* Begin PBXFrameworksBuildPhase section */
		AA3F910A21F5926700792A2C /* Frameworks */ = {
			isa = PBXFrameworksBuildPhase;
			buildActionMask = 2147483647;
			files = (
				002C135ACB84A090C43535AA /* libPods-Smack-Demo.a in Frameworks */,
			);
			runOnlyForDeploymentPostprocessing = 0;
		};
/* End PBXFrameworksBuildPhase section */

/* Begin PBXGroup section */
		3986BACDCB021CE0AA96BEC6 /* Frameworks */ = {
			isa = PBXGroup;
			children = (
				6B4C938FF21B1F0B95E043B7 /* libPods-Smack-Demo.a */,
			);
			name = Frameworks;
			sourceTree = "<group>";
		};
		4E01B45B785837F6083D8F29 /* Pods */ = {
			isa = PBXGroup;
			children = (
				BFDB64A0F0E9078965D2EA2F /* Pods-Smack-Demo.debug.xcconfig */,
				F8E545C937A08B6F0D51AD23 /* Pods-Smack-Demo.release.xcconfig */,
			);
			name = Pods;
			sourceTree = "<group>";
		};
		AA3F910421F5926700792A2C = {
			isa = PBXGroup;
			children = (
				AA3F910F21F5926700792A2C /* Smack-Demo */,
				AA3F910E21F5926700792A2C /* Products */,
				4E01B45B785837F6083D8F29 /* Pods */,
				3986BACDCB021CE0AA96BEC6 /* Frameworks */,
			);
			sourceTree = "<group>";
		};
		AA3F910E21F5926700792A2C /* Products */ = {
			isa = PBXGroup;
			children = (
				AA3F910D21F5926700792A2C /* Smack-Demo.app */,
			);
			name = Products;
			sourceTree = "<group>";
		};
		AA3F910F21F5926700792A2C /* Smack-Demo */ = {
			isa = PBXGroup;
			children = (
				AA42989721F6DF5000EE1461 /* Services */,
				AA3F914221F5B0D800792A2C /* Utilities */,
				AA3F913B21F5999C00792A2C /* Model */,
				AA3F913A21F5999700792A2C /* View */,
				AA3F913921F5998E00792A2C /* Controller */,
				AA3F913121F597A000792A2C /* Supporting Files */,
				AA3F911021F5926700792A2C /* AppDelegate.swift */,
				AA3F911421F5926700792A2C /* Main.storyboard */,
				AA3F911A21F5926900792A2C /* Assets.xcassets */,
				AA3F911C21F5926900792A2C /* LaunchScreen.storyboard */,
				AA3F911F21F5926900792A2C /* Info.plist */,
				AA3F911721F5926700792A2C /* Smack_Demo.xcdatamodeld */,
			);
			path = "Smack-Demo";
			sourceTree = "<group>";
		};
		AA3F913121F597A000792A2C /* Supporting Files */ = {
			isa = PBXGroup;
			children = (
				AA3F913621F5986F00792A2C /* SWRevealViewController.h */,
				AA3F913721F5986F00792A2C /* SWRevealViewController.m */,
				AA3F913521F5986F00792A2C /* Smack-Demo-Bridging-Header.h */,
			);
			path = "Supporting Files";
			sourceTree = "<group>";
		};
		AA3F913921F5998E00792A2C /* Controller */ = {
			isa = PBXGroup;
			children = (
				AA3F913C21F599B400792A2C /* ChatVC.swift */,
				AA3F913E21F599C400792A2C /* ChannelVC.swift */,
				AA3F914521F5B9C500792A2C /* LoginVC.swift */,
				AA3F914721F5B9D900792A2C /* CreateAccountVC.swift */,
			);
			path = Controller;
			sourceTree = "<group>";
		};
		AA3F913A21F5999700792A2C /* View */ = {
			isa = PBXGroup;
			children = (
				AA3F914021F5A54200792A2C /* GradientView.swift */,
				AA42989A21F70B9A00EE1461 /* RoundedButton.swift */,
			);
			path = View;
			sourceTree = "<group>";
		};
		AA3F913B21F5999C00792A2C /* Model */ = {
			isa = PBXGroup;
			children = (
			);
			path = Model;
			sourceTree = "<group>";
		};
		AA3F914221F5B0D800792A2C /* Utilities */ = {
			isa = PBXGroup;
			children = (
				AA3F914321F5B1FC00792A2C /* Constraints.swift */,
			);
			path = Utilities;
			sourceTree = "<group>";
		};
		AA42989721F6DF5000EE1461 /* Services */ = {
			isa = PBXGroup;
			children = (
				AA42989821F6DF6E00EE1461 /* AuthService.swift */,
			);
			path = Services;
			sourceTree = "<group>";
		};
/* End PBXGroup section */

/* Begin PBXNativeTarget section */
		AA3F910C21F5926700792A2C /* Smack-Demo */ = {
			isa = PBXNativeTarget;
			buildConfigurationList = AA3F912221F5926900792A2C /* Build configuration list for PBXNativeTarget "Smack-Demo" */;
			buildPhases = (
				C7FBF61643F80FFA39A85402 /* [CP] Check Pods Manifest.lock */,
				AA3F910921F5926700792A2C /* Sources */,
				AA3F910A21F5926700792A2C /* Frameworks */,
				AA3F910B21F5926700792A2C /* Resources */,
			);
			buildRules = (
			);
			dependencies = (
			);
			name = "Smack-Demo";
			productName = "Smack-Demo";
			productReference = AA3F910D21F5926700792A2C /* Smack-Demo.app */;
			productType = "com.apple.product-type.application";
		};
/* End PBXNativeTarget section */

/* Begin PBXProject section */
		AA3F910521F5926700792A2C /* Project object */ = {
			isa = PBXProject;
			attributes = {
				LastSwiftUpdateCheck = 1010;
				LastUpgradeCheck = 1010;
				ORGANIZATIONNAME = "Ethan ";
				TargetAttributes = {
					AA3F910C21F5926700792A2C = {
						CreatedOnToolsVersion = 10.1;
						LastSwiftMigration = 1010;
					};
				};
			};
			buildConfigurationList = AA3F910821F5926700792A2C /* Build configuration list for PBXProject "Smack-Demo" */;
			compatibilityVersion = "Xcode 9.3";
			developmentRegion = en;
			hasScannedForEncodings = 0;
			knownRegions = (
				en,
				Base,
			);
			mainGroup = AA3F910421F5926700792A2C;
			productRefGroup = AA3F910E21F5926700792A2C /* Products */;
			projectDirPath = "";
			projectRoot = "";
			targets = (
				AA3F910C21F5926700792A2C /* Smack-Demo */,
			);
		};
/* End PBXProject section */

/* Begin PBXResourcesBuildPhase section */
		AA3F910B21F5926700792A2C /* Resources */ = {
			isa = PBXResourcesBuildPhase;
			buildActionMask = 2147483647;
			files = (
				AA3F911E21F5926900792A2C /* LaunchScreen.storyboard in Resources */,
				AA3F911B21F5926900792A2C /* Assets.xcassets in Resources */,
				AA3F911621F5926700792A2C /* Main.storyboard in Resources */,
			);
			runOnlyForDeploymentPostprocessing = 0;
		};
/* End PBXResourcesBuildPhase section */

/* Begin PBXShellScriptBuildPhase section */
		C7FBF61643F80FFA39A85402 /* [CP] Check Pods Manifest.lock */ = {
			isa = PBXShellScriptBuildPhase;
			buildActionMask = 2147483647;
			files = (
			);
			inputFileListPaths = (
			);
			inputPaths = (
				"${PODS_PODFILE_DIR_PATH}/Podfile.lock",
				"${PODS_ROOT}/Manifest.lock",
			);
			name = "[CP] Check Pods Manifest.lock";
			outputFileListPaths = (
			);
			outputPaths = (
				"$(DERIVED_FILE_DIR)/Pods-Smack-Demo-checkManifestLockResult.txt",
			);
			runOnlyForDeploymentPostprocessing = 0;
			shellPath = /bin/sh;
			shellScript = "diff \"${PODS_PODFILE_DIR_PATH}/Podfile.lock\" \"${PODS_ROOT}/Manifest.lock\" > /dev/null\nif [ $? != 0 ] ; then\n    # print error to STDERR\n    echo \"error: The sandbox is not in sync with the Podfile.lock. Run 'pod install' or update your CocoaPods installation.\" >&2\n    exit 1\nfi\n# This output is used by Xcode 'outputs' to avoid re-running this script phase.\necho \"SUCCESS\" > \"${SCRIPT_OUTPUT_FILE_0}\"\n";
			showEnvVarsInLog = 0;
		};
/* End PBXShellScriptBuildPhase section */

/* Begin PBXSourcesBuildPhase section */
		AA3F910921F5926700792A2C /* Sources */ = {
			isa = PBXSourcesBuildPhase;
			buildActionMask = 2147483647;
			files = (
				AA3F911121F5926700792A2C /* AppDelegate.swift in Sources */,
				AA3F914421F5B1FC00792A2C /* Constraints.swift in Sources */,
				AA3F914621F5B9C500792A2C /* LoginVC.swift in Sources */,
				AA3F911921F5926700792A2C /* Smack_Demo.xcdatamodeld in Sources */,
				AA3F914121F5A54200792A2C /* GradientView.swift in Sources */,
				AA3F914821F5B9D900792A2C /* CreateAccountVC.swift in Sources */,
				AA42989B21F70B9A00EE1461 /* RoundedButton.swift in Sources */,
				AA3F913821F5986F00792A2C /* SWRevealViewController.m in Sources */,
				AA42989921F6DF6E00EE1461 /* AuthService.swift in Sources */,
				AA3F913F21F599C400792A2C /* ChannelVC.swift in Sources */,
				AA3F913D21F599B400792A2C /* ChatVC.swift in Sources */,
			);
			runOnlyForDeploymentPostprocessing = 0;
		};
/* End PBXSourcesBuildPhase section */

/* Begin PBXVariantGroup section */
		AA3F911421F5926700792A2C /* Main.storyboard */ = {
			isa = PBXVariantGroup;
			children = (
				AA3F911521F5926700792A2C /* Base */,
			);
			name = Main.storyboard;
			sourceTree = "<group>";
		};
		AA3F911C21F5926900792A2C /* LaunchScreen.storyboard */ = {
			isa = PBXVariantGroup;
			children = (
				AA3F911D21F5926900792A2C /* Base */,
			);
			name = LaunchScreen.storyboard;
			sourceTree = "<group>";
		};
/* End PBXVariantGroup section */

/* Begin XCBuildConfiguration section */
		AA3F912021F5926900792A2C /* Debug */ = {
			isa = XCBuildConfiguration;
			buildSettings = {
				ALWAYS_SEARCH_USER_PATHS = NO;
				CLANG_ANALYZER_NONNULL = YES;
				CLANG_ANALYZER_NUMBER_OBJECT_CONVERSION = YES_AGGRESSIVE;
				CLANG_CXX_LANGUAGE_STANDARD = "gnu++14";
				CLANG_CXX_LIBRARY = "libc++";
				CLANG_ENABLE_MODULES = YES;
				CLANG_ENABLE_OBJC_ARC = YES;
				CLANG_ENABLE_OBJC_WEAK = YES;
				CLANG_WARN_BLOCK_CAPTURE_AUTORELEASING = YES;
				CLANG_WARN_BOOL_CONVERSION = YES;
				CLANG_WARN_COMMA = YES;
				CLANG_WARN_CONSTANT_CONVERSION = YES;
				CLANG_WARN_DEPRECATED_OBJC_IMPLEMENTATIONS = YES;
				CLANG_WARN_DIRECT_OBJC_ISA_USAGE = YES_ERROR;
				CLANG_WARN_DOCUMENTATION_COMMENTS = YES;
				CLANG_WARN_EMPTY_BODY = YES;
				CLANG_WARN_ENUM_CONVERSION = YES;
				CLANG_WARN_INFINITE_RECURSION = YES;
				CLANG_WARN_INT_CONVERSION = YES;
				CLANG_WARN_NON_LITERAL_NULL_CONVERSION = YES;
				CLANG_WARN_OBJC_IMPLICIT_RETAIN_SELF = YES;
				CLANG_WARN_OBJC_LITERAL_CONVERSION = YES;
				CLANG_WARN_OBJC_ROOT_CLASS = YES_ERROR;
				CLANG_WARN_RANGE_LOOP_ANALYSIS = YES;
				CLANG_WARN_STRICT_PROTOTYPES = YES;
				CLANG_WARN_SUSPICIOUS_MOVE = YES;
				CLANG_WARN_UNGUARDED_AVAILABILITY = YES_AGGRESSIVE;
				CLANG_WARN_UNREACHABLE_CODE = YES;
				CLANG_WARN__DUPLICATE_METHOD_MATCH = YES;
				CODE_SIGN_IDENTITY = "iPhone Developer";
				COPY_PHASE_STRIP = NO;
				DEBUG_INFORMATION_FORMAT = dwarf;
				ENABLE_STRICT_OBJC_MSGSEND = YES;
				ENABLE_TESTABILITY = YES;
				GCC_C_LANGUAGE_STANDARD = gnu11;
				GCC_DYNAMIC_NO_PIC = NO;
				GCC_NO_COMMON_BLOCKS = YES;
				GCC_OPTIMIZATION_LEVEL = 0;
				GCC_PREPROCESSOR_DEFINITIONS = (
					"DEBUG=1",
					"$(inherited)",
				);
				GCC_WARN_64_TO_32_BIT_CONVERSION = YES;
				GCC_WARN_ABOUT_RETURN_TYPE = YES_ERROR;
				GCC_WARN_UNDECLARED_SELECTOR = YES;
				GCC_WARN_UNINITIALIZED_AUTOS = YES_AGGRESSIVE;
				GCC_WARN_UNUSED_FUNCTION = YES;
				GCC_WARN_UNUSED_VARIABLE = YES;
				IPHONEOS_DEPLOYMENT_TARGET = 12.1;
				MTL_ENABLE_DEBUG_INFO = INCLUDE_SOURCE;
				MTL_FAST_MATH = YES;
				ONLY_ACTIVE_ARCH = YES;
				SDKROOT = iphoneos;
				SWIFT_ACTIVE_COMPILATION_CONDITIONS = DEBUG;
				SWIFT_OPTIMIZATION_LEVEL = "-Onone";
			};
			name = Debug;
		};
		AA3F912121F5926900792A2C /* Release */ = {
			isa = XCBuildConfiguration;
			buildSettings = {
				ALWAYS_SEARCH_USER_PATHS = NO;
				CLANG_ANALYZER_NONNULL = YES;
				CLANG_ANALYZER_NUMBER_OBJECT_CONVERSION = YES_AGGRESSIVE;
				CLANG_CXX_LANGUAGE_STANDARD = "gnu++14";
				CLANG_CXX_LIBRARY = "libc++";
				CLANG_ENABLE_MODULES = YES;
				CLANG_ENABLE_OBJC_ARC = YES;
				CLANG_ENABLE_OBJC_WEAK = YES;
				CLANG_WARN_BLOCK_CAPTURE_AUTORELEASING = YES;
				CLANG_WARN_BOOL_CONVERSION = YES;
				CLANG_WARN_COMMA = YES;
				CLANG_WARN_CONSTANT_CONVERSION = YES;
				CLANG_WARN_DEPRECATED_OBJC_IMPLEMENTATIONS = YES;
				CLANG_WARN_DIRECT_OBJC_ISA_USAGE = YES_ERROR;
				CLANG_WARN_DOCUMENTATION_COMMENTS = YES;
				CLANG_WARN_EMPTY_BODY = YES;
				CLANG_WARN_ENUM_CONVERSION = YES;
				CLANG_WARN_INFINITE_RECURSION = YES;
				CLANG_WARN_INT_CONVERSION = YES;
				CLANG_WARN_NON_LITERAL_NULL_CONVERSION = YES;
				CLANG_WARN_OBJC_IMPLICIT_RETAIN_SELF = YES;
				CLANG_WARN_OBJC_LITERAL_CONVERSION = YES;
				CLANG_WARN_OBJC_ROOT_CLASS = YES_ERROR;
				CLANG_WARN_RANGE_LOOP_ANALYSIS = YES;
				CLANG_WARN_STRICT_PROTOTYPES = YES;
				CLANG_WARN_SUSPICIOUS_MOVE = YES;
				CLANG_WARN_UNGUARDED_AVAILABILITY = YES_AGGRESSIVE;
				CLANG_WARN_UNREACHABLE_CODE = YES;
				CLANG_WARN__DUPLICATE_METHOD_MATCH = YES;
				CODE_SIGN_IDENTITY = "iPhone Developer";
				COPY_PHASE_STRIP = NO;
				DEBUG_INFORMATION_FORMAT = "dwarf-with-dsym";
				ENABLE_NS_ASSERTIONS = NO;
				ENABLE_STRICT_OBJC_MSGSEND = YES;
				GCC_C_LANGUAGE_STANDARD = gnu11;
				GCC_NO_COMMON_BLOCKS = YES;
				GCC_WARN_64_TO_32_BIT_CONVERSION = YES;
				GCC_WARN_ABOUT_RETURN_TYPE = YES_ERROR;
				GCC_WARN_UNDECLARED_SELECTOR = YES;
				GCC_WARN_UNINITIALIZED_AUTOS = YES_AGGRESSIVE;
				GCC_WARN_UNUSED_FUNCTION = YES;
				GCC_WARN_UNUSED_VARIABLE = YES;
				IPHONEOS_DEPLOYMENT_TARGET = 12.1;
				MTL_ENABLE_DEBUG_INFO = NO;
				MTL_FAST_MATH = YES;
				SDKROOT = iphoneos;
				SWIFT_COMPILATION_MODE = wholemodule;
				SWIFT_OPTIMIZATION_LEVEL = "-O";
				VALIDATE_PRODUCT = YES;
			};
			name = Release;
		};
		AA3F912321F5926900792A2C /* Debug */ = {
			isa = XCBuildConfiguration;
			baseConfigurationReference = BFDB64A0F0E9078965D2EA2F /* Pods-Smack-Demo.debug.xcconfig */;
			buildSettings = {
				ASSETCATALOG_COMPILER_APPICON_NAME = AppIcon;
				CLANG_ENABLE_MODULES = YES;
				CODE_SIGN_STYLE = Automatic;
				INFOPLIST_FILE = "Smack-Demo/Info.plist";
				LD_RUNPATH_SEARCH_PATHS = (
					"$(inherited)",
					"@executable_path/Frameworks",
				);
				PRODUCT_BUNDLE_IDENTIFIER = "com.example.Smack-Demo";
				PRODUCT_NAME = "$(TARGET_NAME)";
				SWIFT_OBJC_BRIDGING_HEADER = "Smack-Demo/Supporting Files/Smack-Demo-Bridging-Header.h";
				SWIFT_OPTIMIZATION_LEVEL = "-Onone";
				SWIFT_VERSION = 4.2;
				TARGETED_DEVICE_FAMILY = "1,2";
			};
			name = Debug;
		};
		AA3F912421F5926900792A2C /* Release */ = {
			isa = XCBuildConfiguration;
			baseConfigurationReference = F8E545C937A08B6F0D51AD23 /* Pods-Smack-Demo.release.xcconfig */;
			buildSettings = {
				ASSETCATALOG_COMPILER_APPICON_NAME = AppIcon;
				CLANG_ENABLE_MODULES = YES;
				CODE_SIGN_STYLE = Automatic;
				INFOPLIST_FILE = "Smack-Demo/Info.plist";
				LD_RUNPATH_SEARCH_PATHS = (
					"$(inherited)",
					"@executable_path/Frameworks",
				);
				PRODUCT_BUNDLE_IDENTIFIER = "com.example.Smack-Demo";
				PRODUCT_NAME = "$(TARGET_NAME)";
				SWIFT_OBJC_BRIDGING_HEADER = "Smack-Demo/Supporting Files/Smack-Demo-Bridging-Header.h";
				SWIFT_VERSION = 4.2;
				TARGETED_DEVICE_FAMILY = "1,2";
			};
			name = Release;
		};
/* End XCBuildConfiguration section */

/* Begin XCConfigurationList section */
		AA3F910821F5926700792A2C /* Build configuration list for PBXProject "Smack-Demo" */ = {
			isa = XCConfigurationList;
			buildConfigurations = (
				AA3F912021F5926900792A2C /* Debug */,
				AA3F912121F5926900792A2C /* Release */,
			);
			defaultConfigurationIsVisible = 0;
			defaultConfigurationName = Release;
		};
		AA3F912221F5926900792A2C /* Build configuration list for PBXNativeTarget "Smack-Demo" */ = {
			isa = XCConfigurationList;
			buildConfigurations = (
				AA3F912321F5926900792A2C /* Debug */,
				AA3F912421F5926900792A2C /* Release */,
			);
			defaultConfigurationIsVisible = 0;
			defaultConfigurationName = Release;
		};
/* End XCConfigurationList section */

/* Begin XCVersionGroup section */
		AA3F911721F5926700792A2C /* Smack_Demo.xcdatamodeld */ = {
			isa = XCVersionGroup;
			children = (
				AA3F911821F5926700792A2C /* Smack_Demo.xcdatamodel */,
			);
			currentVersion = AA3F911821F5926700792A2C /* Smack_Demo.xcdatamodel */;
			path = Smack_Demo.xcdatamodeld;
			sourceTree = "<group>";
			versionGroupType = wrapper.xcdatamodel;
		};
/* End XCVersionGroup section */
	};
	rootObject = AA3F910521F5926700792A2C /* Project object */;
}
